// !$*UTF8*$!
{
	archiveVersion = 1;
	classes = {
	};
	objectVersion = 46;
	objects = {

/* Begin PBXBuildFile section */
		27A5B4091CE50CDD00AD9C51 /* AboutViewController.m in Sources */ = {isa = PBXBuildFile; fileRef = 27A5B4001CE50CDD00AD9C51 /* AboutViewController.m */; };
		27A5B40A1CE50CDD00AD9C51 /* EventsTableViewController.m in Sources */ = {isa = PBXBuildFile; fileRef = 27A5B4021CE50CDD00AD9C51 /* EventsTableViewController.m */; };
		27A5B40B1CE50CDD00AD9C51 /* HomeViewController.m in Sources */ = {isa = PBXBuildFile; fileRef = 27A5B4041CE50CDD00AD9C51 /* HomeViewController.m */; };
		27A5B40C1CE50CDD00AD9C51 /* MainContactsViewController.m in Sources */ = {isa = PBXBuildFile; fileRef = 27A5B4061CE50CDD00AD9C51 /* MainContactsViewController.m */; };
		27A5B40D1CE50CDD00AD9C51 /* VotingViewController.m in Sources */ = {isa = PBXBuildFile; fileRef = 27A5B4081CE50CDD00AD9C51 /* VotingViewController.m */; };
		27A5B40F1CEBB2EB00AD9C51 /* MapKit.framework in Frameworks */ = {isa = PBXBuildFile; fileRef = 27A5B40E1CEBB2EB00AD9C51 /* MapKit.framework */; };
		3FF5A1D01CE51D40001F99D5 /* IMG_0595.JPG in Resources */ = {isa = PBXBuildFile; fileRef = 3FF5A1CF1CE51D40001F99D5 /* IMG_0595.JPG */; };
		A327607E1CE2201F00628B5E /* main.m in Sources */ = {isa = PBXBuildFile; fileRef = A327607D1CE2201F00628B5E /* main.m */; };
		A32760811CE2201F00628B5E /* AppDelegate.m in Sources */ = {isa = PBXBuildFile; fileRef = A32760801CE2201F00628B5E /* AppDelegate.m */; };
		A32760871CE2201F00628B5E /* Main.storyboard in Resources */ = {isa = PBXBuildFile; fileRef = A32760851CE2201F00628B5E /* Main.storyboard */; };
		A32760891CE2201F00628B5E /* Assets.xcassets in Resources */ = {isa = PBXBuildFile; fileRef = A32760881CE2201F00628B5E /* Assets.xcassets */; };
		A327608C1CE2201F00628B5E /* LaunchScreen.storyboard in Resources */ = {isa = PBXBuildFile; fileRef = A327608A1CE2201F00628B5E /* LaunchScreen.storyboard */; };
/* End PBXBuildFile section */

/* Begin PBXFileReference section */
		27A5B3FF1CE50CDD00AD9C51 /* AboutViewController.h */ = {isa = PBXFileReference; fileEncoding = 4; lastKnownFileType = sourcecode.c.h; path = AboutViewController.h; sourceTree = "<group>"; };
		27A5B4001CE50CDD00AD9C51 /* AboutViewController.m */ = {isa = PBXFileReference; fileEncoding = 4; lastKnownFileType = sourcecode.c.objc; path = AboutViewController.m; sourceTree = "<group>"; };
		27A5B4011CE50CDD00AD9C51 /* EventsTableViewController.h */ = {isa = PBXFileReference; fileEncoding = 4; lastKnownFileType = sourcecode.c.h; path = EventsTableViewController.h; sourceTree = "<group>"; };
		27A5B4021CE50CDD00AD9C51 /* EventsTableViewController.m */ = {isa = PBXFileReference; fileEncoding = 4; lastKnownFileType = sourcecode.c.objc; path = EventsTableViewController.m; sourceTree = "<group>"; };
		27A5B4031CE50CDD00AD9C51 /* HomeViewController.h */ = {isa = PBXFileReference; fileEncoding = 4; lastKnownFileType = sourcecode.c.h; path = HomeViewController.h; sourceTree = "<group>"; };
		27A5B4041CE50CDD00AD9C51 /* HomeViewController.m */ = {isa = PBXFileReference; fileEncoding = 4; lastKnownFileType = sourcecode.c.objc; path = HomeViewController.m; sourceTree = "<group>"; };
		27A5B4051CE50CDD00AD9C51 /* MainContactsViewController.h */ = {isa = PBXFileReference; fileEncoding = 4; lastKnownFileType = sourcecode.c.h; path = MainContactsViewController.h; sourceTree = "<group>"; };
		27A5B4061CE50CDD00AD9C51 /* MainContactsViewController.m */ = {isa = PBXFileReference; fileEncoding = 4; lastKnownFileType = sourcecode.c.objc; path = MainContactsViewController.m; sourceTree = "<group>"; };
		27A5B4071CE50CDD00AD9C51 /* VotingViewController.h */ = {isa = PBXFileReference; fileEncoding = 4; lastKnownFileType = sourcecode.c.h; path = VotingViewController.h; sourceTree = "<group>"; };
		27A5B4081CE50CDD00AD9C51 /* VotingViewController.m */ = {isa = PBXFileReference; fileEncoding = 4; lastKnownFileType = sourcecode.c.objc; path = VotingViewController.m; sourceTree = "<group>"; };
		27A5B40E1CEBB2EB00AD9C51 /* MapKit.framework */ = {isa = PBXFileReference; lastKnownFileType = wrapper.framework; name = MapKit.framework; path = System/Library/Frameworks/MapKit.framework; sourceTree = SDKROOT; };
		A32760791CE2201F00628B5E /* St. Pius X School App.app */ = {isa = PBXFileReference; explicitFileType = wrapper.application; includeInIndex = 0; path = "St. Pius X School App.app"; sourceTree = BUILT_PRODUCTS_DIR; };
		A327607D1CE2201F00628B5E /* main.m */ = {isa = PBXFileReference; lastKnownFileType = sourcecode.c.objc; path = main.m; sourceTree = "<group>"; };
		A327607F1CE2201F00628B5E /* AppDelegate.h */ = {isa = PBXFileReference; lastKnownFileType = sourcecode.c.h; path = AppDelegate.h; sourceTree = "<group>"; };
		A32760801CE2201F00628B5E /* AppDelegate.m */ = {isa = PBXFileReference; lastKnownFileType = sourcecode.c.objc; path = AppDelegate.m; sourceTree = "<group>"; };
		A32760861CE2201F00628B5E /* Base */ = {isa = PBXFileReference; lastKnownFileType = file.storyboard; name = Base; path = Base.lproj/Main.storyboard; sourceTree = "<group>"; };
		A32760881CE2201F00628B5E /* Assets.xcassets */ = {isa = PBXFileReference; lastKnownFileType = folder.assetcatalog; path = Assets.xcassets; sourceTree = "<group>"; };
		A327608B1CE2201F00628B5E /* Base */ = {isa = PBXFileReference; lastKnownFileType = file.storyboard; name = Base; path = Base.lproj/LaunchScreen.storyboard; sourceTree = "<group>"; };
		A327608D1CE2201F00628B5E /* Info.plist */ = {isa = PBXFileReference; lastKnownFileType = text.plist.xml; path = Info.plist; sourceTree = "<group>"; };
/* End PBXFileReference section */

/* Begin PBXFrameworksBuildPhase section */
		A32760761CE2201F00628B5E /* Frameworks */ = {
			isa = PBXFrameworksBuildPhase;
			buildActionMask = 2147483647;
			files = (
				27A5B40F1CEBB2EB00AD9C51 /* MapKit.framework in Frameworks */,
			);
			runOnlyForDeploymentPostprocessing = 0;
		};
/* End PBXFrameworksBuildPhase section */

/* Begin PBXGroup section */
		A32760701CE2201F00628B5E = {
			isa = PBXGroup;
			children = (
				27A5B40E1CEBB2EB00AD9C51 /* MapKit.framework */,
				A327607B1CE2201F00628B5E /* St. Pius X School App */,
				A327607A1CE2201F00628B5E /* Products */,
			);
			sourceTree = "<group>";
		};
		A327607A1CE2201F00628B5E /* Products */ = {
			isa = PBXGroup;
			children = (
				A32760791CE2201F00628B5E /* St. Pius X School App.app */,
			);
			name = Products;
			sourceTree = "<group>";
		};
		A327607B1CE2201F00628B5E /* St. Pius X School App */ = {
			isa = PBXGroup;
			children = (
				27A5B3FF1CE50CDD00AD9C51 /* AboutViewController.h */,
				27A5B4001CE50CDD00AD9C51 /* AboutViewController.m */,
				27A5B4011CE50CDD00AD9C51 /* EventsTableViewController.h */,
				27A5B4021CE50CDD00AD9C51 /* EventsTableViewController.m */,
				27A5B4031CE50CDD00AD9C51 /* HomeViewController.h */,
				27A5B4041CE50CDD00AD9C51 /* HomeViewController.m */,
				27A5B4051CE50CDD00AD9C51 /* MainContactsViewController.h */,
				27A5B4061CE50CDD00AD9C51 /* MainContactsViewController.m */,
				27A5B4071CE50CDD00AD9C51 /* VotingViewController.h */,
				27A5B4081CE50CDD00AD9C51 /* VotingViewController.m */,
				A327607F1CE2201F00628B5E /* AppDelegate.h */,
				A32760801CE2201F00628B5E /* AppDelegate.m */,
				A32760851CE2201F00628B5E /* Main.storyboard */,
				A32760881CE2201F00628B5E /* Assets.xcassets */,
				A327608A1CE2201F00628B5E /* LaunchScreen.storyboard */,
				A327608D1CE2201F00628B5E /* Info.plist */,
				A327607C1CE2201F00628B5E /* Supporting Files */,
			);
			path = "St. Pius X School App";
			sourceTree = "<group>";
		};
		A327607C1CE2201F00628B5E /* Supporting Files */ = {
			isa = PBXGroup;
			children = (
				3FF5A1CF1CE51D40001F99D5 /* IMG_0595.JPG */,
				A327607D1CE2201F00628B5E /* main.m */,
			);
			name = "Supporting Files";
			sourceTree = "<group>";
		};
/* End PBXGroup section */

/* Begin PBXNativeTarget section */
		A32760781CE2201F00628B5E /* St. Pius X School App */ = {
			isa = PBXNativeTarget;
			buildConfigurationList = A32760901CE2201F00628B5E /* Build configuration list for PBXNativeTarget "St. Pius X School App" */;
			buildPhases = (
				A32760751CE2201F00628B5E /* Sources */,
				A32760761CE2201F00628B5E /* Frameworks */,
				A32760771CE2201F00628B5E /* Resources */,
			);
			buildRules = (
			);
			dependencies = (
			);
			name = "St. Pius X School App";
			productName = "St. Pius X School App";
			productReference = A32760791CE2201F00628B5E /* St. Pius X School App.app */;
			productType = "com.apple.product-type.application";
		};
/* End PBXNativeTarget section */

/* Begin PBXProject section */
		A32760711CE2201F00628B5E /* Project object */ = {
			isa = PBXProject;
			attributes = {
				LastUpgradeCheck = 0720;
				ORGANIZATIONNAME = "St. Pius X School";
				TargetAttributes = {
					A32760781CE2201F00628B5E = {
						CreatedOnToolsVersion = 7.2.1;
						DevelopmentTeam = 877RWBPW55;
					};
				};
			};
			buildConfigurationList = A32760741CE2201F00628B5E /* Build configuration list for PBXProject "St. Pius X School App" */;
			compatibilityVersion = "Xcode 3.2";
			developmentRegion = English;
			hasScannedForEncodings = 0;
			knownRegions = (
				en,
				Base,
			);
			mainGroup = A32760701CE2201F00628B5E;
			productRefGroup = A327607A1CE2201F00628B5E /* Products */;
			projectDirPath = "";
			projectRoot = "";
			targets = (
				A32760781CE2201F00628B5E /* St. Pius X School App */,
			);
		};
/* End PBXProject section */

/* Begin PBXResourcesBuildPhase section */
		A32760771CE2201F00628B5E /* Resources */ = {
			isa = PBXResourcesBuildPhase;
			buildActionMask = 2147483647;
			files = (
				A327608C1CE2201F00628B5E /* LaunchScreen.storyboard in Resources */,
				A32760891CE2201F00628B5E /* Assets.xcassets in Resources */,
				3FF5A1D01CE51D40001F99D5 /* IMG_0595.JPG in Resources */,
				A32760871CE2201F00628B5E /* Main.storyboard in Resources */,
			);
			runOnlyForDeploymentPostprocessing = 0;
		};
/* End PBXResourcesBuildPhase section */

/* Begin PBXSourcesBuildPhase section */
		A32760751CE2201F00628B5E /* Sources */ = {
			isa = PBXSourcesBuildPhase;
			buildActionMask = 2147483647;
			files = (
				27A5B4091CE50CDD00AD9C51 /* AboutViewController.m in Sources */,
				A32760811CE2201F00628B5E /* AppDelegate.m in Sources */,
				27A5B40A1CE50CDD00AD9C51 /* EventsTableViewController.m in Sources */,
				27A5B40B1CE50CDD00AD9C51 /* HomeViewController.m in Sources */,
				27A5B40C1CE50CDD00AD9C51 /* MainContactsViewController.m in Sources */,
				A327607E1CE2201F00628B5E /* main.m in Sources */,
				27A5B40D1CE50CDD00AD9C51 /* VotingViewController.m in Sources */,
			);
			runOnlyForDeploymentPostprocessing = 0;
		};
/* End PBXSourcesBuildPhase section */

/* Begin PBXVariantGroup section */
		A32760851CE2201F00628B5E /* Main.storyboard */ = {
			isa = PBXVariantGroup;
			children = (
				A32760861CE2201F00628B5E /* Base */,
			);
			name = Main.storyboard;
			sourceTree = "<group>";
		};
		A327608A1CE2201F00628B5E /* LaunchScreen.storyboard */ = {
			isa = PBXVariantGroup;
			children = (
				A327608B1CE2201F00628B5E /* Base */,
			);
			name = LaunchScreen.storyboard;
			sourceTree = "<group>";
		};
/* End PBXVariantGroup section */

/* Begin XCBuildConfiguration section */
		A327608E1CE2201F00628B5E /* Debug */ = {
			isa = XCBuildConfiguration;
			buildSettings = {
				ALWAYS_SEARCH_USER_PATHS = NO;
				CLANG_CXX_LANGUAGE_STANDARD = "gnu++0x";
				CLANG_CXX_LIBRARY = "libc++";
				CLANG_ENABLE_MODULES = YES;
				CLANG_ENABLE_OBJC_ARC = YES;
				CLANG_WARN_BOOL_CONVERSION = YES;
				CLANG_WARN_CONSTANT_CONVERSION = YES;
				CLANG_WARN_DIRECT_OBJC_ISA_USAGE = YES_ERROR;
				CLANG_WARN_EMPTY_BODY = YES;
				CLANG_WARN_ENUM_CONVERSION = YES;
				CLANG_WARN_INT_CONVERSION = YES;
				CLANG_WARN_OBJC_ROOT_CLASS = YES_ERROR;
				CLANG_WARN_UNREACHABLE_CODE = YES;
				CLANG_WARN__DUPLICATE_METHOD_MATCH = YES;
				"CODE_SIGN_IDENTITY[sdk=iphoneos*]" = "iPhone Developer";
				COPY_PHASE_STRIP = NO;
				DEBUG_INFORMATION_FORMAT = dwarf;
				ENABLE_STRICT_OBJC_MSGSEND = YES;
				ENABLE_TESTABILITY = YES;
				GCC_C_LANGUAGE_STANDARD = gnu99;
				GCC_DYNAMIC_NO_PIC = NO;
				GCC_NO_COMMON_BLOCKS = YES;
				GCC_OPTIMIZATION_LEVEL = 0;
				GCC_PREPROCESSOR_DEFINITIONS = (
					"DEBUG=1",
					"$(inherited)",
				);
				GCC_WARN_64_TO_32_BIT_CONVERSION = YES;
				GCC_WARN_ABOUT_RETURN_TYPE = YES_ERROR;
				GCC_WARN_UNDECLARED_SELECTOR = YES;
				GCC_WARN_UNINITIALIZED_AUTOS = YES_AGGRESSIVE;
				GCC_WARN_UNUSED_FUNCTION = YES;
				GCC_WARN_UNUSED_VARIABLE = YES;
				IPHONEOS_DEPLOYMENT_TARGET = 9.2;
				MTL_ENABLE_DEBUG_INFO = YES;
				ONLY_ACTIVE_ARCH = YES;
				SDKROOT = iphoneos;
				TARGETED_DEVICE_FAMILY = "1,2";
			};
			name = Debug;
		};
		A327608F1CE2201F00628B5E /* Release */ = {
			isa = XCBuildConfiguration;
			buildSettings = {
				ALWAYS_SEARCH_USER_PATHS = NO;
				CLANG_CXX_LANGUAGE_STANDARD = "gnu++0x";
				CLANG_CXX_LIBRARY = "libc++";
				CLANG_ENABLE_MODULES = YES;
				CLANG_ENABLE_OBJC_ARC = YES;
				CLANG_WARN_BOOL_CONVERSION = YES;
				CLANG_WARN_CONSTANT_CONVERSION = YES;
				CLANG_WARN_DIRECT_OBJC_ISA_USAGE = YES_ERROR;
				CLANG_WARN_EMPTY_BODY = YES;
				CLANG_WARN_ENUM_CONVERSION = YES;
				CLANG_WARN_INT_CONVERSION = YES;
				CLANG_WARN_OBJC_ROOT_CLASS = YES_ERROR;
				CLANG_WARN_UNREACHABLE_CODE = YES;
				CLANG_WARN__DUPLICATE_METHOD_MATCH = YES;
				"CODE_SIGN_IDENTITY[sdk=iphoneos*]" = "iPhone Developer";
				COPY_PHASE_STRIP = NO;
				DEBUG_INFORMATION_FORMAT = "dwarf-with-dsym";
				ENABLE_NS_ASSERTIONS = NO;
				ENABLE_STRICT_OBJC_MSGSEND = YES;
				GCC_C_LANGUAGE_STANDARD = gnu99;
				GCC_NO_COMMON_BLOCKS = YES;
				GCC_WARN_64_TO_32_BIT_CONVERSION = YES;
				GCC_WARN_ABOUT_RETURN_TYPE = YES_ERROR;
				GCC_WARN_UNDECLARED_SELECTOR = YES;
				GCC_WARN_UNINITIALIZED_AUTOS = YES_AGGRESSIVE;
				GCC_WARN_UNUSED_FUNCTION = YES;
				GCC_WARN_UNUSED_VARIABLE = YES;
				IPHONEOS_DEPLOYMENT_TARGET = 9.2;
				MTL_ENABLE_DEBUG_INFO = NO;
				SDKROOT = iphoneos;
				TARGETED_DEVICE_FAMILY = "1,2";
				VALIDATE_PRODUCT = YES;
			};
			name = Release;
		};
		A32760911CE2201F00628B5E /* Debug */ = {
			isa = XCBuildConfiguration;
			buildSettings = {
				ASSETCATALOG_COMPILER_APPICON_NAME = AppIcon;
				CODE_SIGN_IDENTITY = "iPhone Developer";
				"CODE_SIGN_IDENTITY[sdk=iphoneos*]" = "iPhone Developer";
				INFOPLIST_FILE = "St. Pius X School App/Info.plist";
				LD_RUNPATH_SEARCH_PATHS = "$(inherited) @executable_path/Frameworks";
				PRODUCT_BUNDLE_IDENTIFIER = "edu.stpius-x.St--Pius-X-School-App";
				PRODUCT_NAME = "$(TARGET_NAME)";
				PROVISIONING_PROFILE = "";
			};
			name = Debug;
		};
		A32760921CE2201F00628B5E /* Release */ = {
			isa = XCBuildConfiguration;
			buildSettings = {
				ASSETCATALOG_COMPILER_APPICON_NAME = AppIcon;
				CODE_SIGN_IDENTITY = "iPhone Developer";
				"CODE_SIGN_IDENTITY[sdk=iphoneos*]" = "iPhone Developer";
				INFOPLIST_FILE = "St. Pius X School App/Info.plist";
				LD_RUNPATH_SEARCH_PATHS = "$(inherited) @executable_path/Frameworks";
				PRODUCT_BUNDLE_IDENTIFIER = "edu.stpius-x.St--Pius-X-School-App";
				PRODUCT_NAME = "$(TARGET_NAME)";
				PROVISIONING_PROFILE = "";
			};
			name = Release;
		};
/* End XCBuildConfiguration section */

/* Begin XCConfigurationList section */
		A32760741CE2201F00628B5E /* Build configuration list for PBXProject "St. Pius X School App" */ = {
			isa = XCConfigurationList;
			buildConfigurations = (
				A327608E1CE2201F00628B5E /* Debug */,
				A327608F1CE2201F00628B5E /* Release */,
			);
			defaultConfigurationIsVisible = 0;
			defaultConfigurationName = Release;
		};
		A32760901CE2201F00628B5E /* Build configuration list for PBXNativeTarget "St. Pius X School App" */ = {
			isa = XCConfigurationList;
			buildConfigurations = (
				A32760911CE2201F00628B5E /* Debug */,
				A32760921CE2201F00628B5E /* Release */,
			);
			defaultConfigurationIsVisible = 0;
			defaultConfigurationName = Release;
		};
/* End XCConfigurationList section */
	};
	rootObject = A32760711CE2201F00628B5E /* Project object */;
}
